
Microsoft Visual Studio Solution File, Format Version 12.00
# Visual Studio 15
VisualStudioVersion = 15.0.28307.136
MinimumVisualStudioVersion = 10.0.40219.1
Project("{FAE04EC0-301F-11D3-BF4B-00C04F79EFBC}") = "TestSources", "TestSources\TestSources.csproj", "{1C9586D2-1D53-4409-8555-5C07DD4598BD}"
EndProject
Project("{FAE04EC0-301F-11D3-BF4B-00C04F79EFBC}") = "FirstMenuCommand", "FirstMenuCommand\FirstMenuCommand.csproj", "{B51D1B2B-DF30-4CFF-8D5C-44180DDACCE5}"
EndProject
Project("{FAE04EC0-301F-11D3-BF4B-00C04F79EFBC}") = "LogTest", "LogTest\LogTest.csproj", "{CCA65A9C-9EDD-43CA-95F7-0165581695FF}"
EndProject
Project("{FAE04EC0-301F-11D3-BF4B-00C04F79EFBC}") = "PanelDrag", "PanelDrag\PanelDrag.csproj", "{088AF0AC-0ADA-422B-8F07-3F9C0349D5E4}"
EndProject
Project("{F184B08F-C81C-45F6-A57F-5ABD9991F28F}") = "PanelDragTest", "PanelDragTest\PanelDragTest.vbproj", "{84821AA1-82E9-462F-A145-F9FD2116C0DC}"
EndProject
Project("{FAE04EC0-301F-11D3-BF4B-00C04F79EFBC}") = "WpfApp1", "WpfApp1\WpfApp1.csproj", "{2605D55D-0ECE-4119-91AD-A798328DFA76}"
EndProject
Project("{FAE04EC0-301F-11D3-BF4B-00C04F79EFBC}") = "WPFElementControl", "WPFElementControl\WPFElementControl.csproj", "{AAECD25F-03E0-4E21-8DAA-17289BA9C09F}"
EndProject
Project("{FAE04EC0-301F-11D3-BF4B-00C04F79EFBC}") = "WpfMenu", "WpfMenu\WpfMenu.csproj", "{06631690-1E8A-4387-957F-324C8A98A1CF}"
EndProject
Project("{FAE04EC0-301F-11D3-BF4B-00C04F79EFBC}") = "WinformDataGridViewTest", "DataGridViewTest\WinformDataGridViewTest.csproj", "{7253B2C7-249A-49AE-8D70-74B12E94D2A0}"
EndProject
Project("{FAE04EC0-301F-11D3-BF4B-00C04F79EFBC}") = "WindowsFormsApp1", "WindowsFormsApp1\WindowsFormsApp1.csproj", "{566872B1-12AD-44D0-B1AE-42F72357E75D}"
EndProject
Project("{FAE04EC0-301F-11D3-BF4B-00C04F79EFBC}") = "WinformFormEventTest", "FormEventTest\WinformFormEventTest.csproj", "{D09E28AD-51F7-4E2D-BA7D-7583930FAFEB}"
EndProject
Project("{8BC9CEB8-8B4A-11D0-8D11-00A0C91BC942}") = "Algorithms", "Algorithm\Project1.vcxproj", "{F0E020B0-8494-4C11-B5AD-AFD216F404D5}"
EndProject
Project("{9A19103F-16F7-4668-BE54-9A1E7A4F7556}") = "RazorPagesMovie", "RazorPagesMovie\RazorPagesMovie.csproj", "{54F05A09-2DCE-41B6-9269-5B6BA093B54E}"
EndProject
Project("{8BC9CEB8-8B4A-11D0-8D11-00A0C91BC942}") = "GeneralApps", "GeneralApps\GeneralApps.vcxproj", "{01DBD260-4438-49E0-8260-04E9EFBDBD1B}"
EndProject
Project("{8BC9CEB8-8B4A-11D0-8D11-00A0C91BC942}") = "ConsoleCppApplication", "ConsoleCppApplication\ConsoleCppApplication.vcxproj", "{66CF41F2-9151-4213-ACE1-63460DFC6971}"
EndProject
Project("{888888A0-9F3D-457C-B088-3A5042F75D52}") = "PythonApplication1", "PythonApplication1\PythonApplication1.pyproj", "{0C35A76C-D786-426E-90EF-49F778303DF9}"
EndProject
Project("{FAE04EC0-301F-11D3-BF4B-00C04F79EFBC}") = "NaudioTest", "NaudioTest\NaudioTest.csproj", "{02028E84-B41A-47AA-A9C5-DD3804837A21}"
EndProject
Project("{FAE04EC0-301F-11D3-BF4B-00C04F79EFBC}") = "ImageToText", "ImageToText\ImageToText.csproj", "{935AACA4-A534-461F-9864-86433FBFFEBF}"
EndProject
Global
	GlobalSection(SolutionConfigurationPlatforms) = preSolution
		Debug|Android = Debug|Android
		Debug|Any CPU = Debug|Any CPU
		Debug|iOS = Debug|iOS
		Debug|Windows-ARM = Debug|Windows-ARM
		Debug|Windows-x64 = Debug|Windows-x64
		Debug|Windows-x86 = Debug|Windows-x86
		Debug|x64 = Debug|x64
		Debug|x86 = Debug|x86
		Release|Android = Release|Android
		Release|Any CPU = Release|Any CPU
		Release|iOS = Release|iOS
		Release|Windows-ARM = Release|Windows-ARM
		Release|Windows-x64 = Release|Windows-x64
		Release|Windows-x86 = Release|Windows-x86
		Release|x64 = Release|x64
		Release|x86 = Release|x86
	EndGlobalSection
	GlobalSection(ProjectConfigurationPlatforms) = postSolution
		{1C9586D2-1D53-4409-8555-5C07DD4598BD}.Debug|Android.ActiveCfg = Debug|Any CPU
		{1C9586D2-1D53-4409-8555-5C07DD4598BD}.Debug|Android.Build.0 = Debug|Any CPU
		{1C9586D2-1D53-4409-8555-5C07DD4598BD}.Debug|Any CPU.ActiveCfg = Debug|Any CPU
		{1C9586D2-1D53-4409-8555-5C07DD4598BD}.Debug|Any CPU.Build.0 = Debug|Any CPU
		{1C9586D2-1D53-4409-8555-5C07DD4598BD}.Debug|iOS.ActiveCfg = Debug|Any CPU
		{1C9586D2-1D53-4409-8555-5C07DD4598BD}.Debug|iOS.Build.0 = Debug|Any CPU
		{1C9586D2-1D53-4409-8555-5C07DD4598BD}.Debug|Windows-ARM.ActiveCfg = Debug|Any CPU
		{1C9586D2-1D53-4409-8555-5C07DD4598BD}.Debug|Windows-ARM.Build.0 = Debug|Any CPU
		{1C9586D2-1D53-4409-8555-5C07DD4598BD}.Debug|Windows-x64.ActiveCfg = Debug|Any CPU
		{1C9586D2-1D53-4409-8555-5C07DD4598BD}.Debug|Windows-x64.Build.0 = Debug|Any CPU
		{1C9586D2-1D53-4409-8555-5C07DD4598BD}.Debug|Windows-x86.ActiveCfg = Debug|Any CPU
		{1C9586D2-1D53-4409-8555-5C07DD4598BD}.Debug|Windows-x86.Build.0 = Debug|Any CPU
		{1C9586D2-1D53-4409-8555-5C07DD4598BD}.Debug|x64.ActiveCfg = Debug|Any CPU
		{1C9586D2-1D53-4409-8555-5C07DD4598BD}.Debug|x64.Build.0 = Debug|Any CPU
		{1C9586D2-1D53-4409-8555-5C07DD4598BD}.Debug|x86.ActiveCfg = Debug|Any CPU
		{1C9586D2-1D53-4409-8555-5C07DD4598BD}.Debug|x86.Build.0 = Debug|Any CPU
		{1C9586D2-1D53-4409-8555-5C07DD4598BD}.Release|Android.ActiveCfg = Release|Any CPU
		{1C9586D2-1D53-4409-8555-5C07DD4598BD}.Release|Android.Build.0 = Release|Any CPU
		{1C9586D2-1D53-4409-8555-5C07DD4598BD}.Release|Any CPU.ActiveCfg = Release|Any CPU
		{1C9586D2-1D53-4409-8555-5C07DD4598BD}.Release|Any CPU.Build.0 = Release|Any CPU
		{1C9586D2-1D53-4409-8555-5C07DD4598BD}.Release|iOS.ActiveCfg = Release|Any CPU
		{1C9586D2-1D53-4409-8555-5C07DD4598BD}.Release|iOS.Build.0 = Release|Any CPU
		{1C9586D2-1D53-4409-8555-5C07DD4598BD}.Release|Windows-ARM.ActiveCfg = Release|Any CPU
		{1C9586D2-1D53-4409-8555-5C07DD4598BD}.Release|Windows-ARM.Build.0 = Release|Any CPU
		{1C9586D2-1D53-4409-8555-5C07DD4598BD}.Release|Windows-x64.ActiveCfg = Release|Any CPU
		{1C9586D2-1D53-4409-8555-5C07DD4598BD}.Release|Windows-x64.Build.0 = Release|Any CPU
		{1C9586D2-1D53-4409-8555-5C07DD4598BD}.Release|Windows-x86.ActiveCfg = Release|Any CPU
		{1C9586D2-1D53-4409-8555-5C07DD4598BD}.Release|Windows-x86.Build.0 = Release|Any CPU
		{1C9586D2-1D53-4409-8555-5C07DD4598BD}.Release|x64.ActiveCfg = Release|Any CPU
		{1C9586D2-1D53-4409-8555-5C07DD4598BD}.Release|x64.Build.0 = Release|Any CPU
		{1C9586D2-1D53-4409-8555-5C07DD4598BD}.Release|x86.ActiveCfg = Release|Any CPU
		{1C9586D2-1D53-4409-8555-5C07DD4598BD}.Release|x86.Build.0 = Release|Any CPU
		{B51D1B2B-DF30-4CFF-8D5C-44180DDACCE5}.Debug|Android.ActiveCfg = Debug|Any CPU
		{B51D1B2B-DF30-4CFF-8D5C-44180DDACCE5}.Debug|Android.Build.0 = Debug|Any CPU
		{B51D1B2B-DF30-4CFF-8D5C-44180DDACCE5}.Debug|Any CPU.ActiveCfg = Debug|Any CPU
		{B51D1B2B-DF30-4CFF-8D5C-44180DDACCE5}.Debug|Any CPU.Build.0 = Debug|Any CPU
		{B51D1B2B-DF30-4CFF-8D5C-44180DDACCE5}.Debug|iOS.ActiveCfg = Debug|Any CPU
		{B51D1B2B-DF30-4CFF-8D5C-44180DDACCE5}.Debug|iOS.Build.0 = Debug|Any CPU
		{B51D1B2B-DF30-4CFF-8D5C-44180DDACCE5}.Debug|Windows-ARM.ActiveCfg = Debug|Any CPU
		{B51D1B2B-DF30-4CFF-8D5C-44180DDACCE5}.Debug|Windows-ARM.Build.0 = Debug|Any CPU
		{B51D1B2B-DF30-4CFF-8D5C-44180DDACCE5}.Debug|Windows-x64.ActiveCfg = Debug|Any CPU
		{B51D1B2B-DF30-4CFF-8D5C-44180DDACCE5}.Debug|Windows-x64.Build.0 = Debug|Any CPU
		{B51D1B2B-DF30-4CFF-8D5C-44180DDACCE5}.Debug|Windows-x86.ActiveCfg = Debug|Any CPU
		{B51D1B2B-DF30-4CFF-8D5C-44180DDACCE5}.Debug|Windows-x86.Build.0 = Debug|Any CPU
		{B51D1B2B-DF30-4CFF-8D5C-44180DDACCE5}.Debug|x64.ActiveCfg = Debug|Any CPU
		{B51D1B2B-DF30-4CFF-8D5C-44180DDACCE5}.Debug|x64.Build.0 = Debug|Any CPU
		{B51D1B2B-DF30-4CFF-8D5C-44180DDACCE5}.Debug|x86.ActiveCfg = Debug|Any CPU
		{B51D1B2B-DF30-4CFF-8D5C-44180DDACCE5}.Debug|x86.Build.0 = Debug|Any CPU
		{B51D1B2B-DF30-4CFF-8D5C-44180DDACCE5}.Release|Android.ActiveCfg = Release|Any CPU
		{B51D1B2B-DF30-4CFF-8D5C-44180DDACCE5}.Release|Android.Build.0 = Release|Any CPU
		{B51D1B2B-DF30-4CFF-8D5C-44180DDACCE5}.Release|Any CPU.ActiveCfg = Release|Any CPU
		{B51D1B2B-DF30-4CFF-8D5C-44180DDACCE5}.Release|Any CPU.Build.0 = Release|Any CPU
		{B51D1B2B-DF30-4CFF-8D5C-44180DDACCE5}.Release|iOS.ActiveCfg = Release|Any CPU
		{B51D1B2B-DF30-4CFF-8D5C-44180DDACCE5}.Release|iOS.Build.0 = Release|Any CPU
		{B51D1B2B-DF30-4CFF-8D5C-44180DDACCE5}.Release|Windows-ARM.ActiveCfg = Release|Any CPU
		{B51D1B2B-DF30-4CFF-8D5C-44180DDACCE5}.Release|Windows-ARM.Build.0 = Release|Any CPU
		{B51D1B2B-DF30-4CFF-8D5C-44180DDACCE5}.Release|Windows-x64.ActiveCfg = Release|Any CPU
		{B51D1B2B-DF30-4CFF-8D5C-44180DDACCE5}.Release|Windows-x64.Build.0 = Release|Any CPU
		{B51D1B2B-DF30-4CFF-8D5C-44180DDACCE5}.Release|Windows-x86.ActiveCfg = Release|Any CPU
		{B51D1B2B-DF30-4CFF-8D5C-44180DDACCE5}.Release|Windows-x86.Build.0 = Release|Any CPU
		{B51D1B2B-DF30-4CFF-8D5C-44180DDACCE5}.Release|x64.ActiveCfg = Release|Any CPU
		{B51D1B2B-DF30-4CFF-8D5C-44180DDACCE5}.Release|x64.Build.0 = Release|Any CPU
		{B51D1B2B-DF30-4CFF-8D5C-44180DDACCE5}.Release|x86.ActiveCfg = Release|Any CPU
		{B51D1B2B-DF30-4CFF-8D5C-44180DDACCE5}.Release|x86.Build.0 = Release|Any CPU
		{CCA65A9C-9EDD-43CA-95F7-0165581695FF}.Debug|Android.ActiveCfg = Debug|Any CPU
		{CCA65A9C-9EDD-43CA-95F7-0165581695FF}.Debug|Android.Build.0 = Debug|Any CPU
		{CCA65A9C-9EDD-43CA-95F7-0165581695FF}.Debug|Any CPU.ActiveCfg = Debug|Any CPU
		{CCA65A9C-9EDD-43CA-95F7-0165581695FF}.Debug|Any CPU.Build.0 = Debug|Any CPU
		{CCA65A9C-9EDD-43CA-95F7-0165581695FF}.Debug|iOS.ActiveCfg = Debug|Any CPU
		{CCA65A9C-9EDD-43CA-95F7-0165581695FF}.Debug|iOS.Build.0 = Debug|Any CPU
		{CCA65A9C-9EDD-43CA-95F7-0165581695FF}.Debug|Windows-ARM.ActiveCfg = Debug|Any CPU
		{CCA65A9C-9EDD-43CA-95F7-0165581695FF}.Debug|Windows-ARM.Build.0 = Debug|Any CPU
		{CCA65A9C-9EDD-43CA-95F7-0165581695FF}.Debug|Windows-x64.ActiveCfg = Debug|Any CPU
		{CCA65A9C-9EDD-43CA-95F7-0165581695FF}.Debug|Windows-x64.Build.0 = Debug|Any CPU
		{CCA65A9C-9EDD-43CA-95F7-0165581695FF}.Debug|Windows-x86.ActiveCfg = Debug|Any CPU
		{CCA65A9C-9EDD-43CA-95F7-0165581695FF}.Debug|Windows-x86.Build.0 = Debug|Any CPU
		{CCA65A9C-9EDD-43CA-95F7-0165581695FF}.Debug|x64.ActiveCfg = Debug|Any CPU
		{CCA65A9C-9EDD-43CA-95F7-0165581695FF}.Debug|x64.Build.0 = Debug|Any CPU
		{CCA65A9C-9EDD-43CA-95F7-0165581695FF}.Debug|x86.ActiveCfg = Debug|Any CPU
		{CCA65A9C-9EDD-43CA-95F7-0165581695FF}.Debug|x86.Build.0 = Debug|Any CPU
		{CCA65A9C-9EDD-43CA-95F7-0165581695FF}.Release|Android.ActiveCfg = Release|Any CPU
		{CCA65A9C-9EDD-43CA-95F7-0165581695FF}.Release|Android.Build.0 = Release|Any CPU
		{CCA65A9C-9EDD-43CA-95F7-0165581695FF}.Release|Any CPU.ActiveCfg = Release|Any CPU
		{CCA65A9C-9EDD-43CA-95F7-0165581695FF}.Release|Any CPU.Build.0 = Release|Any CPU
		{CCA65A9C-9EDD-43CA-95F7-0165581695FF}.Release|iOS.ActiveCfg = Release|Any CPU
		{CCA65A9C-9EDD-43CA-95F7-0165581695FF}.Release|iOS.Build.0 = Release|Any CPU
		{CCA65A9C-9EDD-43CA-95F7-0165581695FF}.Release|Windows-ARM.ActiveCfg = Release|Any CPU
		{CCA65A9C-9EDD-43CA-95F7-0165581695FF}.Release|Windows-ARM.Build.0 = Release|Any CPU
		{CCA65A9C-9EDD-43CA-95F7-0165581695FF}.Release|Windows-x64.ActiveCfg = Release|Any CPU
		{CCA65A9C-9EDD-43CA-95F7-0165581695FF}.Release|Windows-x64.Build.0 = Release|Any CPU
		{CCA65A9C-9EDD-43CA-95F7-0165581695FF}.Release|Windows-x86.ActiveCfg = Release|Any CPU
		{CCA65A9C-9EDD-43CA-95F7-0165581695FF}.Release|Windows-x86.Build.0 = Release|Any CPU
		{CCA65A9C-9EDD-43CA-95F7-0165581695FF}.Release|x64.ActiveCfg = Release|Any CPU
		{CCA65A9C-9EDD-43CA-95F7-0165581695FF}.Release|x64.Build.0 = Release|Any CPU
		{CCA65A9C-9EDD-43CA-95F7-0165581695FF}.Release|x86.ActiveCfg = Release|Any CPU
		{CCA65A9C-9EDD-43CA-95F7-0165581695FF}.Release|x86.Build.0 = Release|Any CPU
		{088AF0AC-0ADA-422B-8F07-3F9C0349D5E4}.Debug|Android.ActiveCfg = Debug|Any CPU
		{088AF0AC-0ADA-422B-8F07-3F9C0349D5E4}.Debug|Android.Build.0 = Debug|Any CPU
		{088AF0AC-0ADA-422B-8F07-3F9C0349D5E4}.Debug|Any CPU.ActiveCfg = Debug|Any CPU
		{088AF0AC-0ADA-422B-8F07-3F9C0349D5E4}.Debug|Any CPU.Build.0 = Debug|Any CPU
		{088AF0AC-0ADA-422B-8F07-3F9C0349D5E4}.Debug|iOS.ActiveCfg = Debug|Any CPU
		{088AF0AC-0ADA-422B-8F07-3F9C0349D5E4}.Debug|iOS.Build.0 = Debug|Any CPU
		{088AF0AC-0ADA-422B-8F07-3F9C0349D5E4}.Debug|Windows-ARM.ActiveCfg = Debug|Any CPU
		{088AF0AC-0ADA-422B-8F07-3F9C0349D5E4}.Debug|Windows-ARM.Build.0 = Debug|Any CPU
		{088AF0AC-0ADA-422B-8F07-3F9C0349D5E4}.Debug|Windows-x64.ActiveCfg = Debug|Any CPU
		{088AF0AC-0ADA-422B-8F07-3F9C0349D5E4}.Debug|Windows-x64.Build.0 = Debug|Any CPU
		{088AF0AC-0ADA-422B-8F07-3F9C0349D5E4}.Debug|Windows-x86.ActiveCfg = Debug|Any CPU
		{088AF0AC-0ADA-422B-8F07-3F9C0349D5E4}.Debug|Windows-x86.Build.0 = Debug|Any CPU
		{088AF0AC-0ADA-422B-8F07-3F9C0349D5E4}.Debug|x64.ActiveCfg = Debug|Any CPU
		{088AF0AC-0ADA-422B-8F07-3F9C0349D5E4}.Debug|x64.Build.0 = Debug|Any CPU
		{088AF0AC-0ADA-422B-8F07-3F9C0349D5E4}.Debug|x86.ActiveCfg = Debug|Any CPU
		{088AF0AC-0ADA-422B-8F07-3F9C0349D5E4}.Debug|x86.Build.0 = Debug|Any CPU
		{088AF0AC-0ADA-422B-8F07-3F9C0349D5E4}.Release|Android.ActiveCfg = Release|Any CPU
		{088AF0AC-0ADA-422B-8F07-3F9C0349D5E4}.Release|Android.Build.0 = Release|Any CPU
		{088AF0AC-0ADA-422B-8F07-3F9C0349D5E4}.Release|Any CPU.ActiveCfg = Release|Any CPU
		{088AF0AC-0ADA-422B-8F07-3F9C0349D5E4}.Release|Any CPU.Build.0 = Release|Any CPU
		{088AF0AC-0ADA-422B-8F07-3F9C0349D5E4}.Release|iOS.ActiveCfg = Release|Any CPU
		{088AF0AC-0ADA-422B-8F07-3F9C0349D5E4}.Release|iOS.Build.0 = Release|Any CPU
		{088AF0AC-0ADA-422B-8F07-3F9C0349D5E4}.Release|Windows-ARM.ActiveCfg = Release|Any CPU
		{088AF0AC-0ADA-422B-8F07-3F9C0349D5E4}.Release|Windows-ARM.Build.0 = Release|Any CPU
		{088AF0AC-0ADA-422B-8F07-3F9C0349D5E4}.Release|Windows-x64.ActiveCfg = Release|Any CPU
		{088AF0AC-0ADA-422B-8F07-3F9C0349D5E4}.Release|Windows-x64.Build.0 = Release|Any CPU
		{088AF0AC-0ADA-422B-8F07-3F9C0349D5E4}.Release|Windows-x86.ActiveCfg = Release|Any CPU
		{088AF0AC-0ADA-422B-8F07-3F9C0349D5E4}.Release|Windows-x86.Build.0 = Release|Any CPU
		{088AF0AC-0ADA-422B-8F07-3F9C0349D5E4}.Release|x64.ActiveCfg = Release|Any CPU
		{088AF0AC-0ADA-422B-8F07-3F9C0349D5E4}.Release|x64.Build.0 = Release|Any CPU
		{088AF0AC-0ADA-422B-8F07-3F9C0349D5E4}.Release|x86.ActiveCfg = Release|Any CPU
		{088AF0AC-0ADA-422B-8F07-3F9C0349D5E4}.Release|x86.Build.0 = Release|Any CPU
		{84821AA1-82E9-462F-A145-F9FD2116C0DC}.Debug|Android.ActiveCfg = Debug|Any CPU
		{84821AA1-82E9-462F-A145-F9FD2116C0DC}.Debug|Android.Build.0 = Debug|Any CPU
		{84821AA1-82E9-462F-A145-F9FD2116C0DC}.Debug|Any CPU.ActiveCfg = Debug|Any CPU
		{84821AA1-82E9-462F-A145-F9FD2116C0DC}.Debug|Any CPU.Build.0 = Debug|Any CPU
		{84821AA1-82E9-462F-A145-F9FD2116C0DC}.Debug|iOS.ActiveCfg = Debug|Any CPU
		{84821AA1-82E9-462F-A145-F9FD2116C0DC}.Debug|iOS.Build.0 = Debug|Any CPU
		{84821AA1-82E9-462F-A145-F9FD2116C0DC}.Debug|Windows-ARM.ActiveCfg = Debug|Any CPU
		{84821AA1-82E9-462F-A145-F9FD2116C0DC}.Debug|Windows-ARM.Build.0 = Debug|Any CPU
		{84821AA1-82E9-462F-A145-F9FD2116C0DC}.Debug|Windows-x64.ActiveCfg = Debug|Any CPU
		{84821AA1-82E9-462F-A145-F9FD2116C0DC}.Debug|Windows-x64.Build.0 = Debug|Any CPU
		{84821AA1-82E9-462F-A145-F9FD2116C0DC}.Debug|Windows-x86.ActiveCfg = Debug|Any CPU
		{84821AA1-82E9-462F-A145-F9FD2116C0DC}.Debug|Windows-x86.Build.0 = Debug|Any CPU
		{84821AA1-82E9-462F-A145-F9FD2116C0DC}.Debug|x64.ActiveCfg = Debug|Any CPU
		{84821AA1-82E9-462F-A145-F9FD2116C0DC}.Debug|x64.Build.0 = Debug|Any CPU
		{84821AA1-82E9-462F-A145-F9FD2116C0DC}.Debug|x86.ActiveCfg = Debug|Any CPU
		{84821AA1-82E9-462F-A145-F9FD2116C0DC}.Debug|x86.Build.0 = Debug|Any CPU
		{84821AA1-82E9-462F-A145-F9FD2116C0DC}.Release|Android.ActiveCfg = Release|Any CPU
		{84821AA1-82E9-462F-A145-F9FD2116C0DC}.Release|Android.Build.0 = Release|Any CPU
		{84821AA1-82E9-462F-A145-F9FD2116C0DC}.Release|Any CPU.ActiveCfg = Release|Any CPU
		{84821AA1-82E9-462F-A145-F9FD2116C0DC}.Release|Any CPU.Build.0 = Release|Any CPU
		{84821AA1-82E9-462F-A145-F9FD2116C0DC}.Release|iOS.ActiveCfg = Release|Any CPU
		{84821AA1-82E9-462F-A145-F9FD2116C0DC}.Release|iOS.Build.0 = Release|Any CPU
		{84821AA1-82E9-462F-A145-F9FD2116C0DC}.Release|Windows-ARM.ActiveCfg = Release|Any CPU
		{84821AA1-82E9-462F-A145-F9FD2116C0DC}.Release|Windows-ARM.Build.0 = Release|Any CPU
		{84821AA1-82E9-462F-A145-F9FD2116C0DC}.Release|Windows-x64.ActiveCfg = Release|Any CPU
		{84821AA1-82E9-462F-A145-F9FD2116C0DC}.Release|Windows-x64.Build.0 = Release|Any CPU
		{84821AA1-82E9-462F-A145-F9FD2116C0DC}.Release|Windows-x86.ActiveCfg = Release|Any CPU
		{84821AA1-82E9-462F-A145-F9FD2116C0DC}.Release|Windows-x86.Build.0 = Release|Any CPU
		{84821AA1-82E9-462F-A145-F9FD2116C0DC}.Release|x64.ActiveCfg = Release|Any CPU
		{84821AA1-82E9-462F-A145-F9FD2116C0DC}.Release|x64.Build.0 = Release|Any CPU
		{84821AA1-82E9-462F-A145-F9FD2116C0DC}.Release|x86.ActiveCfg = Release|Any CPU
		{84821AA1-82E9-462F-A145-F9FD2116C0DC}.Release|x86.Build.0 = Release|Any CPU
		{2605D55D-0ECE-4119-91AD-A798328DFA76}.Debug|Android.ActiveCfg = Debug|Any CPU
		{2605D55D-0ECE-4119-91AD-A798328DFA76}.Debug|Android.Build.0 = Debug|Any CPU
		{2605D55D-0ECE-4119-91AD-A798328DFA76}.Debug|Any CPU.ActiveCfg = Debug|Any CPU
		{2605D55D-0ECE-4119-91AD-A798328DFA76}.Debug|Any CPU.Build.0 = Debug|Any CPU
		{2605D55D-0ECE-4119-91AD-A798328DFA76}.Debug|iOS.ActiveCfg = Debug|Any CPU
		{2605D55D-0ECE-4119-91AD-A798328DFA76}.Debug|iOS.Build.0 = Debug|Any CPU
		{2605D55D-0ECE-4119-91AD-A798328DFA76}.Debug|Windows-ARM.ActiveCfg = Debug|Any CPU
		{2605D55D-0ECE-4119-91AD-A798328DFA76}.Debug|Windows-ARM.Build.0 = Debug|Any CPU
		{2605D55D-0ECE-4119-91AD-A798328DFA76}.Debug|Windows-x64.ActiveCfg = Debug|Any CPU
		{2605D55D-0ECE-4119-91AD-A798328DFA76}.Debug|Windows-x64.Build.0 = Debug|Any CPU
		{2605D55D-0ECE-4119-91AD-A798328DFA76}.Debug|Windows-x86.ActiveCfg = Debug|Any CPU
		{2605D55D-0ECE-4119-91AD-A798328DFA76}.Debug|Windows-x86.Build.0 = Debug|Any CPU
		{2605D55D-0ECE-4119-91AD-A798328DFA76}.Debug|x64.ActiveCfg = Debug|Any CPU
		{2605D55D-0ECE-4119-91AD-A798328DFA76}.Debug|x64.Build.0 = Debug|Any CPU
		{2605D55D-0ECE-4119-91AD-A798328DFA76}.Debug|x86.ActiveCfg = Debug|Any CPU
		{2605D55D-0ECE-4119-91AD-A798328DFA76}.Debug|x86.Build.0 = Debug|Any CPU
		{2605D55D-0ECE-4119-91AD-A798328DFA76}.Release|Android.ActiveCfg = Release|Any CPU
		{2605D55D-0ECE-4119-91AD-A798328DFA76}.Release|Android.Build.0 = Release|Any CPU
		{2605D55D-0ECE-4119-91AD-A798328DFA76}.Release|Any CPU.ActiveCfg = Release|Any CPU
		{2605D55D-0ECE-4119-91AD-A798328DFA76}.Release|Any CPU.Build.0 = Release|Any CPU
		{2605D55D-0ECE-4119-91AD-A798328DFA76}.Release|iOS.ActiveCfg = Release|Any CPU
		{2605D55D-0ECE-4119-91AD-A798328DFA76}.Release|iOS.Build.0 = Release|Any CPU
		{2605D55D-0ECE-4119-91AD-A798328DFA76}.Release|Windows-ARM.ActiveCfg = Release|Any CPU
		{2605D55D-0ECE-4119-91AD-A798328DFA76}.Release|Windows-ARM.Build.0 = Release|Any CPU
		{2605D55D-0ECE-4119-91AD-A798328DFA76}.Release|Windows-x64.ActiveCfg = Release|Any CPU
		{2605D55D-0ECE-4119-91AD-A798328DFA76}.Release|Windows-x64.Build.0 = Release|Any CPU
		{2605D55D-0ECE-4119-91AD-A798328DFA76}.Release|Windows-x86.ActiveCfg = Release|Any CPU
		{2605D55D-0ECE-4119-91AD-A798328DFA76}.Release|Windows-x86.Build.0 = Release|Any CPU
		{2605D55D-0ECE-4119-91AD-A798328DFA76}.Release|x64.ActiveCfg = Release|Any CPU
		{2605D55D-0ECE-4119-91AD-A798328DFA76}.Release|x64.Build.0 = Release|Any CPU
		{2605D55D-0ECE-4119-91AD-A798328DFA76}.Release|x86.ActiveCfg = Release|Any CPU
		{2605D55D-0ECE-4119-91AD-A798328DFA76}.Release|x86.Build.0 = Release|Any CPU
		{AAECD25F-03E0-4E21-8DAA-17289BA9C09F}.Debug|Android.ActiveCfg = Debug|Any CPU
		{AAECD25F-03E0-4E21-8DAA-17289BA9C09F}.Debug|Android.Build.0 = Debug|Any CPU
		{AAECD25F-03E0-4E21-8DAA-17289BA9C09F}.Debug|Any CPU.ActiveCfg = Debug|Any CPU
		{AAECD25F-03E0-4E21-8DAA-17289BA9C09F}.Debug|Any CPU.Build.0 = Debug|Any CPU
		{AAECD25F-03E0-4E21-8DAA-17289BA9C09F}.Debug|iOS.ActiveCfg = Debug|Any CPU
		{AAECD25F-03E0-4E21-8DAA-17289BA9C09F}.Debug|iOS.Build.0 = Debug|Any CPU
		{AAECD25F-03E0-4E21-8DAA-17289BA9C09F}.Debug|Windows-ARM.ActiveCfg = Debug|Any CPU
		{AAECD25F-03E0-4E21-8DAA-17289BA9C09F}.Debug|Windows-ARM.Build.0 = Debug|Any CPU
		{AAECD25F-03E0-4E21-8DAA-17289BA9C09F}.Debug|Windows-x64.ActiveCfg = Debug|Any CPU
		{AAECD25F-03E0-4E21-8DAA-17289BA9C09F}.Debug|Windows-x64.Build.0 = Debug|Any CPU
		{AAECD25F-03E0-4E21-8DAA-17289BA9C09F}.Debug|Windows-x86.ActiveCfg = Debug|Any CPU
		{AAECD25F-03E0-4E21-8DAA-17289BA9C09F}.Debug|Windows-x86.Build.0 = Debug|Any CPU
		{AAECD25F-03E0-4E21-8DAA-17289BA9C09F}.Debug|x64.ActiveCfg = Debug|Any CPU
		{AAECD25F-03E0-4E21-8DAA-17289BA9C09F}.Debug|x64.Build.0 = Debug|Any CPU
		{AAECD25F-03E0-4E21-8DAA-17289BA9C09F}.Debug|x86.ActiveCfg = Debug|Any CPU
		{AAECD25F-03E0-4E21-8DAA-17289BA9C09F}.Debug|x86.Build.0 = Debug|Any CPU
		{AAECD25F-03E0-4E21-8DAA-17289BA9C09F}.Release|Android.ActiveCfg = Release|Any CPU
		{AAECD25F-03E0-4E21-8DAA-17289BA9C09F}.Release|Android.Build.0 = Release|Any CPU
		{AAECD25F-03E0-4E21-8DAA-17289BA9C09F}.Release|Any CPU.ActiveCfg = Release|Any CPU
		{AAECD25F-03E0-4E21-8DAA-17289BA9C09F}.Release|Any CPU.Build.0 = Release|Any CPU
		{AAECD25F-03E0-4E21-8DAA-17289BA9C09F}.Release|iOS.ActiveCfg = Release|Any CPU
		{AAECD25F-03E0-4E21-8DAA-17289BA9C09F}.Release|iOS.Build.0 = Release|Any CPU
		{AAECD25F-03E0-4E21-8DAA-17289BA9C09F}.Release|Windows-ARM.ActiveCfg = Release|Any CPU
		{AAECD25F-03E0-4E21-8DAA-17289BA9C09F}.Release|Windows-ARM.Build.0 = Release|Any CPU
		{AAECD25F-03E0-4E21-8DAA-17289BA9C09F}.Release|Windows-x64.ActiveCfg = Release|Any CPU
		{AAECD25F-03E0-4E21-8DAA-17289BA9C09F}.Release|Windows-x64.Build.0 = Release|Any CPU
		{AAECD25F-03E0-4E21-8DAA-17289BA9C09F}.Release|Windows-x86.ActiveCfg = Release|Any CPU
		{AAECD25F-03E0-4E21-8DAA-17289BA9C09F}.Release|Windows-x86.Build.0 = Release|Any CPU
		{AAECD25F-03E0-4E21-8DAA-17289BA9C09F}.Release|x64.ActiveCfg = Release|Any CPU
		{AAECD25F-03E0-4E21-8DAA-17289BA9C09F}.Release|x64.Build.0 = Release|Any CPU
		{AAECD25F-03E0-4E21-8DAA-17289BA9C09F}.Release|x86.ActiveCfg = Release|Any CPU
		{AAECD25F-03E0-4E21-8DAA-17289BA9C09F}.Release|x86.Build.0 = Release|Any CPU
		{06631690-1E8A-4387-957F-324C8A98A1CF}.Debug|Android.ActiveCfg = Debug|Any CPU
		{06631690-1E8A-4387-957F-324C8A98A1CF}.Debug|Android.Build.0 = Debug|Any CPU
		{06631690-1E8A-4387-957F-324C8A98A1CF}.Debug|Any CPU.ActiveCfg = Debug|Any CPU
		{06631690-1E8A-4387-957F-324C8A98A1CF}.Debug|Any CPU.Build.0 = Debug|Any CPU
		{06631690-1E8A-4387-957F-324C8A98A1CF}.Debug|iOS.ActiveCfg = Debug|Any CPU
		{06631690-1E8A-4387-957F-324C8A98A1CF}.Debug|iOS.Build.0 = Debug|Any CPU
		{06631690-1E8A-4387-957F-324C8A98A1CF}.Debug|Windows-ARM.ActiveCfg = Debug|Any CPU
		{06631690-1E8A-4387-957F-324C8A98A1CF}.Debug|Windows-ARM.Build.0 = Debug|Any CPU
		{06631690-1E8A-4387-957F-324C8A98A1CF}.Debug|Windows-x64.ActiveCfg = Debug|Any CPU
		{06631690-1E8A-4387-957F-324C8A98A1CF}.Debug|Windows-x64.Build.0 = Debug|Any CPU
		{06631690-1E8A-4387-957F-324C8A98A1CF}.Debug|Windows-x86.ActiveCfg = Debug|Any CPU
		{06631690-1E8A-4387-957F-324C8A98A1CF}.Debug|Windows-x86.Build.0 = Debug|Any CPU
		{06631690-1E8A-4387-957F-324C8A98A1CF}.Debug|x64.ActiveCfg = Debug|Any CPU
		{06631690-1E8A-4387-957F-324C8A98A1CF}.Debug|x64.Build.0 = Debug|Any CPU
		{06631690-1E8A-4387-957F-324C8A98A1CF}.Debug|x86.ActiveCfg = Debug|Any CPU
		{06631690-1E8A-4387-957F-324C8A98A1CF}.Debug|x86.Build.0 = Debug|Any CPU
		{06631690-1E8A-4387-957F-324C8A98A1CF}.Release|Android.ActiveCfg = Release|Any CPU
		{06631690-1E8A-4387-957F-324C8A98A1CF}.Release|Android.Build.0 = Release|Any CPU
		{06631690-1E8A-4387-957F-324C8A98A1CF}.Release|Any CPU.ActiveCfg = Release|Any CPU
		{06631690-1E8A-4387-957F-324C8A98A1CF}.Release|Any CPU.Build.0 = Release|Any CPU
		{06631690-1E8A-4387-957F-324C8A98A1CF}.Release|iOS.ActiveCfg = Release|Any CPU
		{06631690-1E8A-4387-957F-324C8A98A1CF}.Release|iOS.Build.0 = Release|Any CPU
		{06631690-1E8A-4387-957F-324C8A98A1CF}.Release|Windows-ARM.ActiveCfg = Release|Any CPU
		{06631690-1E8A-4387-957F-324C8A98A1CF}.Release|Windows-ARM.Build.0 = Release|Any CPU
		{06631690-1E8A-4387-957F-324C8A98A1CF}.Release|Windows-x64.ActiveCfg = Release|Any CPU
		{06631690-1E8A-4387-957F-324C8A98A1CF}.Release|Windows-x64.Build.0 = Release|Any CPU
		{06631690-1E8A-4387-957F-324C8A98A1CF}.Release|Windows-x86.ActiveCfg = Release|Any CPU
		{06631690-1E8A-4387-957F-324C8A98A1CF}.Release|Windows-x86.Build.0 = Release|Any CPU
		{06631690-1E8A-4387-957F-324C8A98A1CF}.Release|x64.ActiveCfg = Release|Any CPU
		{06631690-1E8A-4387-957F-324C8A98A1CF}.Release|x64.Build.0 = Release|Any CPU
		{06631690-1E8A-4387-957F-324C8A98A1CF}.Release|x86.ActiveCfg = Release|Any CPU
		{06631690-1E8A-4387-957F-324C8A98A1CF}.Release|x86.Build.0 = Release|Any CPU
		{7253B2C7-249A-49AE-8D70-74B12E94D2A0}.Debug|Android.ActiveCfg = Debug|Any CPU
		{7253B2C7-249A-49AE-8D70-74B12E94D2A0}.Debug|Android.Build.0 = Debug|Any CPU
		{7253B2C7-249A-49AE-8D70-74B12E94D2A0}.Debug|Any CPU.ActiveCfg = Debug|Any CPU
		{7253B2C7-249A-49AE-8D70-74B12E94D2A0}.Debug|Any CPU.Build.0 = Debug|Any CPU
		{7253B2C7-249A-49AE-8D70-74B12E94D2A0}.Debug|iOS.ActiveCfg = Debug|Any CPU
		{7253B2C7-249A-49AE-8D70-74B12E94D2A0}.Debug|iOS.Build.0 = Debug|Any CPU
		{7253B2C7-249A-49AE-8D70-74B12E94D2A0}.Debug|Windows-ARM.ActiveCfg = Debug|Any CPU
		{7253B2C7-249A-49AE-8D70-74B12E94D2A0}.Debug|Windows-ARM.Build.0 = Debug|Any CPU
		{7253B2C7-249A-49AE-8D70-74B12E94D2A0}.Debug|Windows-x64.ActiveCfg = Debug|Any CPU
		{7253B2C7-249A-49AE-8D70-74B12E94D2A0}.Debug|Windows-x64.Build.0 = Debug|Any CPU
		{7253B2C7-249A-49AE-8D70-74B12E94D2A0}.Debug|Windows-x86.ActiveCfg = Debug|Any CPU
		{7253B2C7-249A-49AE-8D70-74B12E94D2A0}.Debug|Windows-x86.Build.0 = Debug|Any CPU
		{7253B2C7-249A-49AE-8D70-74B12E94D2A0}.Debug|x64.ActiveCfg = Debug|Any CPU
		{7253B2C7-249A-49AE-8D70-74B12E94D2A0}.Debug|x64.Build.0 = Debug|Any CPU
		{7253B2C7-249A-49AE-8D70-74B12E94D2A0}.Debug|x86.ActiveCfg = Debug|Any CPU
		{7253B2C7-249A-49AE-8D70-74B12E94D2A0}.Debug|x86.Build.0 = Debug|Any CPU
		{7253B2C7-249A-49AE-8D70-74B12E94D2A0}.Release|Android.ActiveCfg = Release|Any CPU
		{7253B2C7-249A-49AE-8D70-74B12E94D2A0}.Release|Android.Build.0 = Release|Any CPU
		{7253B2C7-249A-49AE-8D70-74B12E94D2A0}.Release|Any CPU.ActiveCfg = Release|Any CPU
		{7253B2C7-249A-49AE-8D70-74B12E94D2A0}.Release|Any CPU.Build.0 = Release|Any CPU
		{7253B2C7-249A-49AE-8D70-74B12E94D2A0}.Release|iOS.ActiveCfg = Release|Any CPU
		{7253B2C7-249A-49AE-8D70-74B12E94D2A0}.Release|iOS.Build.0 = Release|Any CPU
		{7253B2C7-249A-49AE-8D70-74B12E94D2A0}.Release|Windows-ARM.ActiveCfg = Release|Any CPU
		{7253B2C7-249A-49AE-8D70-74B12E94D2A0}.Release|Windows-ARM.Build.0 = Release|Any CPU
		{7253B2C7-249A-49AE-8D70-74B12E94D2A0}.Release|Windows-x64.ActiveCfg = Release|Any CPU
		{7253B2C7-249A-49AE-8D70-74B12E94D2A0}.Release|Windows-x64.Build.0 = Release|Any CPU
		{7253B2C7-249A-49AE-8D70-74B12E94D2A0}.Release|Windows-x86.ActiveCfg = Release|Any CPU
		{7253B2C7-249A-49AE-8D70-74B12E94D2A0}.Release|Windows-x86.Build.0 = Release|Any CPU
		{7253B2C7-249A-49AE-8D70-74B12E94D2A0}.Release|x64.ActiveCfg = Release|Any CPU
		{7253B2C7-249A-49AE-8D70-74B12E94D2A0}.Release|x64.Build.0 = Release|Any CPU
		{7253B2C7-249A-49AE-8D70-74B12E94D2A0}.Release|x86.ActiveCfg = Release|Any CPU
		{7253B2C7-249A-49AE-8D70-74B12E94D2A0}.Release|x86.Build.0 = Release|Any CPU
		{566872B1-12AD-44D0-B1AE-42F72357E75D}.Debug|Android.ActiveCfg = Debug|Any CPU
		{566872B1-12AD-44D0-B1AE-42F72357E75D}.Debug|Android.Build.0 = Debug|Any CPU
		{566872B1-12AD-44D0-B1AE-42F72357E75D}.Debug|Any CPU.ActiveCfg = Debug|Any CPU
		{566872B1-12AD-44D0-B1AE-42F72357E75D}.Debug|Any CPU.Build.0 = Debug|Any CPU
		{566872B1-12AD-44D0-B1AE-42F72357E75D}.Debug|iOS.ActiveCfg = Debug|Any CPU
		{566872B1-12AD-44D0-B1AE-42F72357E75D}.Debug|iOS.Build.0 = Debug|Any CPU
		{566872B1-12AD-44D0-B1AE-42F72357E75D}.Debug|Windows-ARM.ActiveCfg = Debug|Any CPU
		{566872B1-12AD-44D0-B1AE-42F72357E75D}.Debug|Windows-ARM.Build.0 = Debug|Any CPU
		{566872B1-12AD-44D0-B1AE-42F72357E75D}.Debug|Windows-x64.ActiveCfg = Debug|Any CPU
		{566872B1-12AD-44D0-B1AE-42F72357E75D}.Debug|Windows-x64.Build.0 = Debug|Any CPU
		{566872B1-12AD-44D0-B1AE-42F72357E75D}.Debug|Windows-x86.ActiveCfg = Debug|Any CPU
		{566872B1-12AD-44D0-B1AE-42F72357E75D}.Debug|Windows-x86.Build.0 = Debug|Any CPU
		{566872B1-12AD-44D0-B1AE-42F72357E75D}.Debug|x64.ActiveCfg = Debug|Any CPU
		{566872B1-12AD-44D0-B1AE-42F72357E75D}.Debug|x64.Build.0 = Debug|Any CPU
		{566872B1-12AD-44D0-B1AE-42F72357E75D}.Debug|x86.ActiveCfg = Debug|Any CPU
		{566872B1-12AD-44D0-B1AE-42F72357E75D}.Debug|x86.Build.0 = Debug|Any CPU
		{566872B1-12AD-44D0-B1AE-42F72357E75D}.Release|Android.ActiveCfg = Release|Any CPU
		{566872B1-12AD-44D0-B1AE-42F72357E75D}.Release|Android.Build.0 = Release|Any CPU
		{566872B1-12AD-44D0-B1AE-42F72357E75D}.Release|Any CPU.ActiveCfg = Release|Any CPU
		{566872B1-12AD-44D0-B1AE-42F72357E75D}.Release|Any CPU.Build.0 = Release|Any CPU
		{566872B1-12AD-44D0-B1AE-42F72357E75D}.Release|iOS.ActiveCfg = Release|Any CPU
		{566872B1-12AD-44D0-B1AE-42F72357E75D}.Release|iOS.Build.0 = Release|Any CPU
		{566872B1-12AD-44D0-B1AE-42F72357E75D}.Release|Windows-ARM.ActiveCfg = Release|Any CPU
		{566872B1-12AD-44D0-B1AE-42F72357E75D}.Release|Windows-ARM.Build.0 = Release|Any CPU
		{566872B1-12AD-44D0-B1AE-42F72357E75D}.Release|Windows-x64.ActiveCfg = Release|Any CPU
		{566872B1-12AD-44D0-B1AE-42F72357E75D}.Release|Windows-x64.Build.0 = Release|Any CPU
		{566872B1-12AD-44D0-B1AE-42F72357E75D}.Release|Windows-x86.ActiveCfg = Release|Any CPU
		{566872B1-12AD-44D0-B1AE-42F72357E75D}.Release|Windows-x86.Build.0 = Release|Any CPU
		{566872B1-12AD-44D0-B1AE-42F72357E75D}.Release|x64.ActiveCfg = Release|Any CPU
		{566872B1-12AD-44D0-B1AE-42F72357E75D}.Release|x64.Build.0 = Release|Any CPU
		{566872B1-12AD-44D0-B1AE-42F72357E75D}.Release|x86.ActiveCfg = Release|Any CPU
		{566872B1-12AD-44D0-B1AE-42F72357E75D}.Release|x86.Build.0 = Release|Any CPU
		{D09E28AD-51F7-4E2D-BA7D-7583930FAFEB}.Debug|Android.ActiveCfg = Debug|Any CPU
		{D09E28AD-51F7-4E2D-BA7D-7583930FAFEB}.Debug|Android.Build.0 = Debug|Any CPU
		{D09E28AD-51F7-4E2D-BA7D-7583930FAFEB}.Debug|Any CPU.ActiveCfg = Debug|Any CPU
		{D09E28AD-51F7-4E2D-BA7D-7583930FAFEB}.Debug|Any CPU.Build.0 = Debug|Any CPU
		{D09E28AD-51F7-4E2D-BA7D-7583930FAFEB}.Debug|iOS.ActiveCfg = Debug|Any CPU
		{D09E28AD-51F7-4E2D-BA7D-7583930FAFEB}.Debug|iOS.Build.0 = Debug|Any CPU
		{D09E28AD-51F7-4E2D-BA7D-7583930FAFEB}.Debug|Windows-ARM.ActiveCfg = Debug|Any CPU
		{D09E28AD-51F7-4E2D-BA7D-7583930FAFEB}.Debug|Windows-ARM.Build.0 = Debug|Any CPU
		{D09E28AD-51F7-4E2D-BA7D-7583930FAFEB}.Debug|Windows-x64.ActiveCfg = Debug|Any CPU
		{D09E28AD-51F7-4E2D-BA7D-7583930FAFEB}.Debug|Windows-x64.Build.0 = Debug|Any CPU
		{D09E28AD-51F7-4E2D-BA7D-7583930FAFEB}.Debug|Windows-x86.ActiveCfg = Debug|Any CPU
		{D09E28AD-51F7-4E2D-BA7D-7583930FAFEB}.Debug|Windows-x86.Build.0 = Debug|Any CPU
		{D09E28AD-51F7-4E2D-BA7D-7583930FAFEB}.Debug|x64.ActiveCfg = Debug|Any CPU
		{D09E28AD-51F7-4E2D-BA7D-7583930FAFEB}.Debug|x64.Build.0 = Debug|Any CPU
		{D09E28AD-51F7-4E2D-BA7D-7583930FAFEB}.Debug|x86.ActiveCfg = Debug|Any CPU
		{D09E28AD-51F7-4E2D-BA7D-7583930FAFEB}.Debug|x86.Build.0 = Debug|Any CPU
		{D09E28AD-51F7-4E2D-BA7D-7583930FAFEB}.Release|Android.ActiveCfg = Release|Any CPU
		{D09E28AD-51F7-4E2D-BA7D-7583930FAFEB}.Release|Android.Build.0 = Release|Any CPU
		{D09E28AD-51F7-4E2D-BA7D-7583930FAFEB}.Release|Any CPU.ActiveCfg = Release|Any CPU
		{D09E28AD-51F7-4E2D-BA7D-7583930FAFEB}.Release|Any CPU.Build.0 = Release|Any CPU
		{D09E28AD-51F7-4E2D-BA7D-7583930FAFEB}.Release|iOS.ActiveCfg = Release|Any CPU
		{D09E28AD-51F7-4E2D-BA7D-7583930FAFEB}.Release|iOS.Build.0 = Release|Any CPU
		{D09E28AD-51F7-4E2D-BA7D-7583930FAFEB}.Release|Windows-ARM.ActiveCfg = Release|Any CPU
		{D09E28AD-51F7-4E2D-BA7D-7583930FAFEB}.Release|Windows-ARM.Build.0 = Release|Any CPU
		{D09E28AD-51F7-4E2D-BA7D-7583930FAFEB}.Release|Windows-x64.ActiveCfg = Release|Any CPU
		{D09E28AD-51F7-4E2D-BA7D-7583930FAFEB}.Release|Windows-x64.Build.0 = Release|Any CPU
		{D09E28AD-51F7-4E2D-BA7D-7583930FAFEB}.Release|Windows-x86.ActiveCfg = Release|Any CPU
		{D09E28AD-51F7-4E2D-BA7D-7583930FAFEB}.Release|Windows-x86.Build.0 = Release|Any CPU
		{D09E28AD-51F7-4E2D-BA7D-7583930FAFEB}.Release|x64.ActiveCfg = Release|Any CPU
		{D09E28AD-51F7-4E2D-BA7D-7583930FAFEB}.Release|x64.Build.0 = Release|Any CPU
		{D09E28AD-51F7-4E2D-BA7D-7583930FAFEB}.Release|x86.ActiveCfg = Release|Any CPU
		{D09E28AD-51F7-4E2D-BA7D-7583930FAFEB}.Release|x86.Build.0 = Release|Any CPU
		{F0E020B0-8494-4C11-B5AD-AFD216F404D5}.Debug|Android.ActiveCfg = Debug|Win32
		{F0E020B0-8494-4C11-B5AD-AFD216F404D5}.Debug|Any CPU.ActiveCfg = Debug|Win32
		{F0E020B0-8494-4C11-B5AD-AFD216F404D5}.Debug|Any CPU.Build.0 = Debug|Win32
		{F0E020B0-8494-4C11-B5AD-AFD216F404D5}.Debug|iOS.ActiveCfg = Debug|Win32
		{F0E020B0-8494-4C11-B5AD-AFD216F404D5}.Debug|Windows-ARM.ActiveCfg = Debug|Win32
		{F0E020B0-8494-4C11-B5AD-AFD216F404D5}.Debug|Windows-x64.ActiveCfg = Debug|Win32
		{F0E020B0-8494-4C11-B5AD-AFD216F404D5}.Debug|Windows-x86.ActiveCfg = Debug|Win32
		{F0E020B0-8494-4C11-B5AD-AFD216F404D5}.Debug|x64.ActiveCfg = Debug|x64
		{F0E020B0-8494-4C11-B5AD-AFD216F404D5}.Debug|x64.Build.0 = Debug|x64
		{F0E020B0-8494-4C11-B5AD-AFD216F404D5}.Debug|x86.ActiveCfg = Debug|Win32
		{F0E020B0-8494-4C11-B5AD-AFD216F404D5}.Debug|x86.Build.0 = Debug|Win32
		{F0E020B0-8494-4C11-B5AD-AFD216F404D5}.Release|Android.ActiveCfg = Release|Win32
		{F0E020B0-8494-4C11-B5AD-AFD216F404D5}.Release|Any CPU.ActiveCfg = Release|Win32
		{F0E020B0-8494-4C11-B5AD-AFD216F404D5}.Release|iOS.ActiveCfg = Release|Win32
		{F0E020B0-8494-4C11-B5AD-AFD216F404D5}.Release|Windows-ARM.ActiveCfg = Release|Win32
		{F0E020B0-8494-4C11-B5AD-AFD216F404D5}.Release|Windows-x64.ActiveCfg = Release|Win32
		{F0E020B0-8494-4C11-B5AD-AFD216F404D5}.Release|Windows-x86.ActiveCfg = Release|Win32
		{F0E020B0-8494-4C11-B5AD-AFD216F404D5}.Release|x64.ActiveCfg = Release|x64
		{F0E020B0-8494-4C11-B5AD-AFD216F404D5}.Release|x64.Build.0 = Release|x64
		{F0E020B0-8494-4C11-B5AD-AFD216F404D5}.Release|x86.ActiveCfg = Release|Win32
		{F0E020B0-8494-4C11-B5AD-AFD216F404D5}.Release|x86.Build.0 = Release|Win32
		{54F05A09-2DCE-41B6-9269-5B6BA093B54E}.Debug|Android.ActiveCfg = Debug|Any CPU
		{54F05A09-2DCE-41B6-9269-5B6BA093B54E}.Debug|Android.Build.0 = Debug|Any CPU
		{54F05A09-2DCE-41B6-9269-5B6BA093B54E}.Debug|Any CPU.ActiveCfg = Debug|Any CPU
		{54F05A09-2DCE-41B6-9269-5B6BA093B54E}.Debug|Any CPU.Build.0 = Debug|Any CPU
		{54F05A09-2DCE-41B6-9269-5B6BA093B54E}.Debug|iOS.ActiveCfg = Debug|Any CPU
		{54F05A09-2DCE-41B6-9269-5B6BA093B54E}.Debug|iOS.Build.0 = Debug|Any CPU
		{54F05A09-2DCE-41B6-9269-5B6BA093B54E}.Debug|Windows-ARM.ActiveCfg = Debug|Any CPU
		{54F05A09-2DCE-41B6-9269-5B6BA093B54E}.Debug|Windows-ARM.Build.0 = Debug|Any CPU
		{54F05A09-2DCE-41B6-9269-5B6BA093B54E}.Debug|Windows-x64.ActiveCfg = Debug|Any CPU
		{54F05A09-2DCE-41B6-9269-5B6BA093B54E}.Debug|Windows-x64.Build.0 = Debug|Any CPU
		{54F05A09-2DCE-41B6-9269-5B6BA093B54E}.Debug|Windows-x86.ActiveCfg = Debug|Any CPU
		{54F05A09-2DCE-41B6-9269-5B6BA093B54E}.Debug|Windows-x86.Build.0 = Debug|Any CPU
		{54F05A09-2DCE-41B6-9269-5B6BA093B54E}.Debug|x64.ActiveCfg = Debug|Any CPU
		{54F05A09-2DCE-41B6-9269-5B6BA093B54E}.Debug|x64.Build.0 = Debug|Any CPU
		{54F05A09-2DCE-41B6-9269-5B6BA093B54E}.Debug|x86.ActiveCfg = Debug|Any CPU
		{54F05A09-2DCE-41B6-9269-5B6BA093B54E}.Debug|x86.Build.0 = Debug|Any CPU
		{54F05A09-2DCE-41B6-9269-5B6BA093B54E}.Release|Android.ActiveCfg = Release|Any CPU
		{54F05A09-2DCE-41B6-9269-5B6BA093B54E}.Release|Android.Build.0 = Release|Any CPU
		{54F05A09-2DCE-41B6-9269-5B6BA093B54E}.Release|Any CPU.ActiveCfg = Release|Any CPU
		{54F05A09-2DCE-41B6-9269-5B6BA093B54E}.Release|Any CPU.Build.0 = Release|Any CPU
		{54F05A09-2DCE-41B6-9269-5B6BA093B54E}.Release|iOS.ActiveCfg = Release|Any CPU
		{54F05A09-2DCE-41B6-9269-5B6BA093B54E}.Release|iOS.Build.0 = Release|Any CPU
		{54F05A09-2DCE-41B6-9269-5B6BA093B54E}.Release|Windows-ARM.ActiveCfg = Release|Any CPU
		{54F05A09-2DCE-41B6-9269-5B6BA093B54E}.Release|Windows-ARM.Build.0 = Release|Any CPU
		{54F05A09-2DCE-41B6-9269-5B6BA093B54E}.Release|Windows-x64.ActiveCfg = Release|Any CPU
		{54F05A09-2DCE-41B6-9269-5B6BA093B54E}.Release|Windows-x64.Build.0 = Release|Any CPU
		{54F05A09-2DCE-41B6-9269-5B6BA093B54E}.Release|Windows-x86.ActiveCfg = Release|Any CPU
		{54F05A09-2DCE-41B6-9269-5B6BA093B54E}.Release|Windows-x86.Build.0 = Release|Any CPU
		{54F05A09-2DCE-41B6-9269-5B6BA093B54E}.Release|x64.ActiveCfg = Release|Any CPU
		{54F05A09-2DCE-41B6-9269-5B6BA093B54E}.Release|x64.Build.0 = Release|Any CPU
		{54F05A09-2DCE-41B6-9269-5B6BA093B54E}.Release|x86.ActiveCfg = Release|Any CPU
		{54F05A09-2DCE-41B6-9269-5B6BA093B54E}.Release|x86.Build.0 = Release|Any CPU
		{01DBD260-4438-49E0-8260-04E9EFBDBD1B}.Debug|Android.ActiveCfg = Debug|Win32
		{01DBD260-4438-49E0-8260-04E9EFBDBD1B}.Debug|Any CPU.ActiveCfg = Debug|Win32
		{01DBD260-4438-49E0-8260-04E9EFBDBD1B}.Debug|Any CPU.Build.0 = Debug|Win32
		{01DBD260-4438-49E0-8260-04E9EFBDBD1B}.Debug|iOS.ActiveCfg = Debug|Win32
		{01DBD260-4438-49E0-8260-04E9EFBDBD1B}.Debug|Windows-ARM.ActiveCfg = Debug|Win32
		{01DBD260-4438-49E0-8260-04E9EFBDBD1B}.Debug|Windows-x64.ActiveCfg = Debug|Win32
		{01DBD260-4438-49E0-8260-04E9EFBDBD1B}.Debug|Windows-x86.ActiveCfg = Debug|Win32
		{01DBD260-4438-49E0-8260-04E9EFBDBD1B}.Debug|x64.ActiveCfg = Debug|x64
		{01DBD260-4438-49E0-8260-04E9EFBDBD1B}.Debug|x64.Build.0 = Debug|x64
		{01DBD260-4438-49E0-8260-04E9EFBDBD1B}.Debug|x86.ActiveCfg = Debug|Win32
		{01DBD260-4438-49E0-8260-04E9EFBDBD1B}.Debug|x86.Build.0 = Debug|Win32
		{01DBD260-4438-49E0-8260-04E9EFBDBD1B}.Release|Android.ActiveCfg = Release|Win32
		{01DBD260-4438-49E0-8260-04E9EFBDBD1B}.Release|Any CPU.ActiveCfg = Release|Win32
		{01DBD260-4438-49E0-8260-04E9EFBDBD1B}.Release|iOS.ActiveCfg = Release|Win32
		{01DBD260-4438-49E0-8260-04E9EFBDBD1B}.Release|Windows-ARM.ActiveCfg = Release|Win32
		{01DBD260-4438-49E0-8260-04E9EFBDBD1B}.Release|Windows-x64.ActiveCfg = Release|Win32
		{01DBD260-4438-49E0-8260-04E9EFBDBD1B}.Release|Windows-x86.ActiveCfg = Release|Win32
		{01DBD260-4438-49E0-8260-04E9EFBDBD1B}.Release|x64.ActiveCfg = Release|x64
		{01DBD260-4438-49E0-8260-04E9EFBDBD1B}.Release|x64.Build.0 = Release|x64
		{01DBD260-4438-49E0-8260-04E9EFBDBD1B}.Release|x86.ActiveCfg = Release|Win32
		{01DBD260-4438-49E0-8260-04E9EFBDBD1B}.Release|x86.Build.0 = Release|Win32
		{66CF41F2-9151-4213-ACE1-63460DFC6971}.Debug|Android.ActiveCfg = Debug|Win32
		{66CF41F2-9151-4213-ACE1-63460DFC6971}.Debug|Any CPU.ActiveCfg = Debug|x64
		{66CF41F2-9151-4213-ACE1-63460DFC6971}.Debug|Any CPU.Build.0 = Debug|x64
		{66CF41F2-9151-4213-ACE1-63460DFC6971}.Debug|iOS.ActiveCfg = Debug|Win32
		{66CF41F2-9151-4213-ACE1-63460DFC6971}.Debug|Windows-ARM.ActiveCfg = Debug|Win32
		{66CF41F2-9151-4213-ACE1-63460DFC6971}.Debug|Windows-x64.ActiveCfg = Debug|Win32
		{66CF41F2-9151-4213-ACE1-63460DFC6971}.Debug|Windows-x86.ActiveCfg = Debug|Win32
		{66CF41F2-9151-4213-ACE1-63460DFC6971}.Debug|x64.ActiveCfg = Debug|x64
		{66CF41F2-9151-4213-ACE1-63460DFC6971}.Debug|x64.Build.0 = Debug|x64
		{66CF41F2-9151-4213-ACE1-63460DFC6971}.Debug|x86.ActiveCfg = Debug|Win32
		{66CF41F2-9151-4213-ACE1-63460DFC6971}.Debug|x86.Build.0 = Debug|Win32
		{66CF41F2-9151-4213-ACE1-63460DFC6971}.Release|Android.ActiveCfg = Release|Win32
		{66CF41F2-9151-4213-ACE1-63460DFC6971}.Release|Any CPU.ActiveCfg = Release|Win32
		{66CF41F2-9151-4213-ACE1-63460DFC6971}.Release|iOS.ActiveCfg = Release|Win32
		{66CF41F2-9151-4213-ACE1-63460DFC6971}.Release|Windows-ARM.ActiveCfg = Release|Win32
		{66CF41F2-9151-4213-ACE1-63460DFC6971}.Release|Windows-x64.ActiveCfg = Release|Win32
		{66CF41F2-9151-4213-ACE1-63460DFC6971}.Release|Windows-x86.ActiveCfg = Release|Win32
		{66CF41F2-9151-4213-ACE1-63460DFC6971}.Release|x64.ActiveCfg = Release|x64
		{66CF41F2-9151-4213-ACE1-63460DFC6971}.Release|x64.Build.0 = Release|x64
		{66CF41F2-9151-4213-ACE1-63460DFC6971}.Release|x86.ActiveCfg = Release|Win32
		{66CF41F2-9151-4213-ACE1-63460DFC6971}.Release|x86.Build.0 = Release|Win32
		{0C35A76C-D786-426E-90EF-49F778303DF9}.Debug|Android.ActiveCfg = Debug|Any CPU
		{0C35A76C-D786-426E-90EF-49F778303DF9}.Debug|Any CPU.ActiveCfg = Debug|Any CPU
		{0C35A76C-D786-426E-90EF-49F778303DF9}.Debug|iOS.ActiveCfg = Debug|Any CPU
		{0C35A76C-D786-426E-90EF-49F778303DF9}.Debug|Windows-ARM.ActiveCfg = Debug|Any CPU
		{0C35A76C-D786-426E-90EF-49F778303DF9}.Debug|Windows-x64.ActiveCfg = Debug|Any CPU
		{0C35A76C-D786-426E-90EF-49F778303DF9}.Debug|Windows-x86.ActiveCfg = Debug|Any CPU
		{0C35A76C-D786-426E-90EF-49F778303DF9}.Debug|x64.ActiveCfg = Debug|Any CPU
		{0C35A76C-D786-426E-90EF-49F778303DF9}.Debug|x86.ActiveCfg = Debug|Any CPU
		{0C35A76C-D786-426E-90EF-49F778303DF9}.Release|Android.ActiveCfg = Release|Any CPU
		{0C35A76C-D786-426E-90EF-49F778303DF9}.Release|Any CPU.ActiveCfg = Release|Any CPU
		{0C35A76C-D786-426E-90EF-49F778303DF9}.Release|iOS.ActiveCfg = Release|Any CPU
		{0C35A76C-D786-426E-90EF-49F778303DF9}.Release|Windows-ARM.ActiveCfg = Release|Any CPU
		{0C35A76C-D786-426E-90EF-49F778303DF9}.Release|Windows-x64.ActiveCfg = Release|Any CPU
		{0C35A76C-D786-426E-90EF-49F778303DF9}.Release|Windows-x86.ActiveCfg = Release|Any CPU
		{0C35A76C-D786-426E-90EF-49F778303DF9}.Release|x64.ActiveCfg = Release|Any CPU
		{0C35A76C-D786-426E-90EF-49F778303DF9}.Release|x86.ActiveCfg = Release|Any CPU
		{02028E84-B41A-47AA-A9C5-DD3804837A21}.Debug|Android.ActiveCfg = Debug|Any CPU
		{02028E84-B41A-47AA-A9C5-DD3804837A21}.Debug|Android.Build.0 = Debug|Any CPU
		{02028E84-B41A-47AA-A9C5-DD3804837A21}.Debug|Any CPU.ActiveCfg = Debug|Any CPU
		{02028E84-B41A-47AA-A9C5-DD3804837A21}.Debug|Any CPU.Build.0 = Debug|Any CPU
		{02028E84-B41A-47AA-A9C5-DD3804837A21}.Debug|iOS.ActiveCfg = Debug|Any CPU
		{02028E84-B41A-47AA-A9C5-DD3804837A21}.Debug|iOS.Build.0 = Debug|Any CPU
		{02028E84-B41A-47AA-A9C5-DD3804837A21}.Debug|Windows-ARM.ActiveCfg = Debug|Any CPU
		{02028E84-B41A-47AA-A9C5-DD3804837A21}.Debug|Windows-ARM.Build.0 = Debug|Any CPU
		{02028E84-B41A-47AA-A9C5-DD3804837A21}.Debug|Windows-x64.ActiveCfg = Debug|Any CPU
		{02028E84-B41A-47AA-A9C5-DD3804837A21}.Debug|Windows-x64.Build.0 = Debug|Any CPU
		{02028E84-B41A-47AA-A9C5-DD3804837A21}.Debug|Windows-x86.ActiveCfg = Debug|Any CPU
		{02028E84-B41A-47AA-A9C5-DD3804837A21}.Debug|Windows-x86.Build.0 = Debug|Any CPU
		{02028E84-B41A-47AA-A9C5-DD3804837A21}.Debug|x64.ActiveCfg = Debug|Any CPU
		{02028E84-B41A-47AA-A9C5-DD3804837A21}.Debug|x64.Build.0 = Debug|Any CPU
		{02028E84-B41A-47AA-A9C5-DD3804837A21}.Debug|x86.ActiveCfg = Debug|Any CPU
		{02028E84-B41A-47AA-A9C5-DD3804837A21}.Debug|x86.Build.0 = Debug|Any CPU
		{02028E84-B41A-47AA-A9C5-DD3804837A21}.Release|Android.ActiveCfg = Release|Any CPU
		{02028E84-B41A-47AA-A9C5-DD3804837A21}.Release|Android.Build.0 = Release|Any CPU
		{02028E84-B41A-47AA-A9C5-DD3804837A21}.Release|Any CPU.ActiveCfg = Release|Any CPU
		{02028E84-B41A-47AA-A9C5-DD3804837A21}.Release|Any CPU.Build.0 = Release|Any CPU
		{02028E84-B41A-47AA-A9C5-DD3804837A21}.Release|iOS.ActiveCfg = Release|Any CPU
		{02028E84-B41A-47AA-A9C5-DD3804837A21}.Release|iOS.Build.0 = Release|Any CPU
		{02028E84-B41A-47AA-A9C5-DD3804837A21}.Release|Windows-ARM.ActiveCfg = Release|Any CPU
		{02028E84-B41A-47AA-A9C5-DD3804837A21}.Release|Windows-ARM.Build.0 = Release|Any CPU
		{02028E84-B41A-47AA-A9C5-DD3804837A21}.Release|Windows-x64.ActiveCfg = Release|Any CPU
		{02028E84-B41A-47AA-A9C5-DD3804837A21}.Release|Windows-x64.Build.0 = Release|Any CPU
		{02028E84-B41A-47AA-A9C5-DD3804837A21}.Release|Windows-x86.ActiveCfg = Release|Any CPU
		{02028E84-B41A-47AA-A9C5-DD3804837A21}.Release|Windows-x86.Build.0 = Release|Any CPU
		{02028E84-B41A-47AA-A9C5-DD3804837A21}.Release|x64.ActiveCfg = Release|Any CPU
		{02028E84-B41A-47AA-A9C5-DD3804837A21}.Release|x64.Build.0 = Release|Any CPU
		{02028E84-B41A-47AA-A9C5-DD3804837A21}.Release|x86.ActiveCfg = Release|Any CPU
		{02028E84-B41A-47AA-A9C5-DD3804837A21}.Release|x86.Build.0 = Release|Any CPU
		{935AACA4-A534-461F-9864-86433FBFFEBF}.Debug|Android.ActiveCfg = Debug|Any CPU
		{935AACA4-A534-461F-9864-86433FBFFEBF}.Debug|Android.Build.0 = Debug|Any CPU
		{935AACA4-A534-461F-9864-86433FBFFEBF}.Debug|Any CPU.ActiveCfg = Debug|Any CPU
		{935AACA4-A534-461F-9864-86433FBFFEBF}.Debug|Any CPU.Build.0 = Debug|Any CPU
		{935AACA4-A534-461F-9864-86433FBFFEBF}.Debug|iOS.ActiveCfg = Debug|Any CPU
		{935AACA4-A534-461F-9864-86433FBFFEBF}.Debug|iOS.Build.0 = Debug|Any CPU
		{935AACA4-A534-461F-9864-86433FBFFEBF}.Debug|Windows-ARM.ActiveCfg = Debug|Any CPU
		{935AACA4-A534-461F-9864-86433FBFFEBF}.Debug|Windows-ARM.Build.0 = Debug|Any CPU
		{935AACA4-A534-461F-9864-86433FBFFEBF}.Debug|Windows-x64.ActiveCfg = Debug|Any CPU
		{935AACA4-A534-461F-9864-86433FBFFEBF}.Debug|Windows-x64.Build.0 = Debug|Any CPU
		{935AACA4-A534-461F-9864-86433FBFFEBF}.Debug|Windows-x86.ActiveCfg = Debug|Any CPU
		{935AACA4-A534-461F-9864-86433FBFFEBF}.Debug|Windows-x86.Build.0 = Debug|Any CPU
		{935AACA4-A534-461F-9864-86433FBFFEBF}.Debug|x64.ActiveCfg = Debug|Any CPU
		{935AACA4-A534-461F-9864-86433FBFFEBF}.Debug|x64.Build.0 = Debug|Any CPU
		{935AACA4-A534-461F-9864-86433FBFFEBF}.Debug|x86.ActiveCfg = Debug|Any CPU
		{935AACA4-A534-461F-9864-86433FBFFEBF}.Debug|x86.Build.0 = Debug|Any CPU
		{935AACA4-A534-461F-9864-86433FBFFEBF}.Release|Android.ActiveCfg = Release|Any CPU
		{935AACA4-A534-461F-9864-86433FBFFEBF}.Release|Android.Build.0 = Release|Any CPU
		{935AACA4-A534-461F-9864-86433FBFFEBF}.Release|Any CPU.ActiveCfg = Release|Any CPU
		{935AACA4-A534-461F-9864-86433FBFFEBF}.Release|Any CPU.Build.0 = Release|Any CPU
		{935AACA4-A534-461F-9864-86433FBFFEBF}.Release|iOS.ActiveCfg = Release|Any CPU
		{935AACA4-A534-461F-9864-86433FBFFEBF}.Release|iOS.Build.0 = Release|Any CPU
		{935AACA4-A534-461F-9864-86433FBFFEBF}.Release|Windows-ARM.ActiveCfg = Release|Any CPU
		{935AACA4-A534-461F-9864-86433FBFFEBF}.Release|Windows-ARM.Build.0 = Release|Any CPU
		{935AACA4-A534-461F-9864-86433FBFFEBF}.Release|Windows-x64.ActiveCfg = Release|Any CPU
		{935AACA4-A534-461F-9864-86433FBFFEBF}.Release|Windows-x64.Build.0 = Release|Any CPU
		{935AACA4-A534-461F-9864-86433FBFFEBF}.Release|Windows-x86.ActiveCfg = Release|Any CPU
		{935AACA4-A534-461F-9864-86433FBFFEBF}.Release|Windows-x86.Build.0 = Release|Any CPU
		{935AACA4-A534-461F-9864-86433FBFFEBF}.Release|x64.ActiveCfg = Release|Any CPU
		{935AACA4-A534-461F-9864-86433FBFFEBF}.Release|x64.Build.0 = Release|Any CPU
		{935AACA4-A534-461F-9864-86433FBFFEBF}.Release|x86.ActiveCfg = Release|Any CPU
		{935AACA4-A534-461F-9864-86433FBFFEBF}.Release|x86.Build.0 = Release|Any CPU
	EndGlobalSection
	GlobalSection(SolutionProperties) = preSolution
		HideSolutionNode = FALSE
	EndGlobalSection
	GlobalSection(ExtensibilityGlobals) = postSolution
		SolutionGuid = {10AE7865-435A-427C-887E-B574F616F3FE}
	EndGlobalSection
EndGlobal
